{
  "version": 4,
  "terraform_version": "0.12.20",
  "serial": 4,
  "lineage": "7719f9ae-46f4-ac68-02b9-cdd57b2582c6",
  "outputs": {},
  "resources": [
    {
      "mode": "managed",
      "type": "aws_instance",
      "name": "greeter",
      "provider": "provider.aws",
      "instances": [
        {
          "schema_version": 1,
          "attributes": {
            "ami": "ami-0cc0a36f626a4fdf5",
            "arn": "arn:aws:ec2:eu-central-1:124429370407:instance/i-0fdfa5ce978b3801d",
            "associate_public_ip_address": true,
            "availability_zone": "eu-central-1b",
            "cpu_core_count": 1,
            "cpu_threads_per_core": 1,
            "credit_specification": [
              {
                "cpu_credits": "standard"
              }
            ],
            "disable_api_termination": false,
            "ebs_block_device": [],
            "ebs_optimized": false,
            "ephemeral_block_device": [],
            "get_password_data": false,
            "host_id": null,
            "iam_instance_profile": "",
            "id": "i-0fdfa5ce978b3801d",
            "instance_initiated_shutdown_behavior": null,
            "instance_state": "running",
            "instance_type": "t2.micro",
            "ipv6_address_count": 0,
            "ipv6_addresses": [],
            "key_name": "terraform-test",
            "monitoring": false,
            "network_interface": [],
            "network_interface_id": null,
            "password_data": "",
            "placement_group": "",
            "primary_network_interface_id": "eni-01b132c55275cfe2e",
            "private_dns": "ip-172-31-36-231.eu-central-1.compute.internal",
            "private_ip": "172.31.36.231",
            "public_dns": "ec2-3-122-191-80.eu-central-1.compute.amazonaws.com",
            "public_ip": "3.122.191.80",
            "root_block_device": [
              {
                "delete_on_termination": true,
                "encrypted": false,
                "iops": 100,
                "kms_key_id": "",
                "volume_id": "vol-0c848a787084f7d94",
                "volume_size": 8,
                "volume_type": "gp2"
              }
            ],
            "security_groups": [
              "akijakya-greeter"
            ],
            "source_dest_check": true,
            "subnet_id": "subnet-a5e5bcd8",
            "tags": {
              "Name": "akijakya-greeter"
            },
            "tenancy": "default",
            "timeouts": null,
            "user_data": "4ee155d4154ee5afb49f369b13bc50f52cb88432",
            "user_data_base64": null,
            "volume_tags": {},
            "vpc_security_group_ids": [
              "sg-059d868d245b4fee8"
            ]
          },
          "private": "eyJlMmJmYjczMC1lY2FhLTExZTYtOGY4OC0zNDM2M2JjN2M0YzAiOnsiY3JlYXRlIjo2MDAwMDAwMDAwMDAsImRlbGV0ZSI6MTIwMDAwMDAwMDAwMCwidXBkYXRlIjo2MDAwMDAwMDAwMDB9LCJzY2hlbWFfdmVyc2lvbiI6IjEifQ==",
          "dependencies": [
            "aws_key_pair.terraform-test",
            "aws_security_group.akijakya-greeter"
          ]
        }
      ]
    },
    {
      "mode": "managed",
      "type": "aws_key_pair",
      "name": "terraform-test",
      "provider": "provider.aws",
      "instances": [
        {
          "schema_version": 1,
          "attributes": {
            "fingerprint": "f2:af:da:77:45:24:9a:a1:fa:50:d0:23:5b:4a:18:f8",
            "id": "terraform-test",
            "key_name": "terraform-test",
            "key_name_prefix": null,
            "key_pair_id": "key-033c69cec80c315c9",
            "public_key": "ssh-rsa AAAAB3NzaC1yc2EAAAADAQABAAABgQC8xRvP/oMzyC1xuFd+LFg6kiXAoZ5+B78i60CZBDizDJvZgKMHdh7FLFnNajNw8u+UfmIAbn1/OZPJ7wf2ayOUKrc9OyRccmVWzgbR3cNcCYI0btzc834s0GGo00gzkcO2b/nXz5uyux3Wehos0f/b8jfmwcCHrwBndkz4KOOP1QQAleC8tf8Q4MOAKMPyi/99VAgEpAOdQVziUxyxgrC+s2VrZSuBRGmXVTjV0IaOP0lAHY8PoLNPSWIbAWGB08FSg5GdqYF6+e4VyczcgvOACZutOjhMNeIGldEbOjxpRbMMHJd1RuqIyI31Mker2GIoXvv8KMDtf90KOKfM48GUwCxevulBJ7zj/jem2n193COGYaYiOmRE/t/vR6QUxsnBk9t8ULT/mgz34A8+Vx3704M4yTLJm7VU+O/IaYEQrBq23EJPsK8Lk8+MgYvZpJ3aVl3CDc/lKUHUjravIIbqYzsJJZykmxoKlPGBSzoYLjdaLh/K6QTzLtJxc+b4HlE= akijakya@akijakya",
            "tags": null
          },
          "private": "eyJzY2hlbWFfdmVyc2lvbiI6IjEifQ=="
        }
      ]
    },
    {
      "mode": "managed",
      "type": "aws_security_group",
      "name": "akijakya-greeter",
      "provider": "provider.aws",
      "instances": [
        {
          "schema_version": 1,
          "attributes": {
            "arn": "arn:aws:ec2:eu-central-1:124429370407:security-group/sg-059d868d245b4fee8",
            "description": "Sec group for akijakyas greeter terrafrom magic",
            "egress": [
              {
                "cidr_blocks": [
                  "0.0.0.0/0"
                ],
                "description": "",
                "from_port": 0,
                "ipv6_cidr_blocks": [],
                "prefix_list_ids": [],
                "protocol": "-1",
                "security_groups": [],
                "self": false,
                "to_port": 0
              }
            ],
            "id": "sg-059d868d245b4fee8",
            "ingress": [
              {
                "cidr_blocks": [
                  "0.0.0.0/0"
                ],
                "description": "",
                "from_port": 22,
                "ipv6_cidr_blocks": [],
                "prefix_list_ids": [],
                "protocol": "tcp",
                "security_groups": [],
                "self": false,
                "to_port": 22
              },
              {
                "cidr_blocks": [
                  "0.0.0.0/0"
                ],
                "description": "",
                "from_port": 80,
                "ipv6_cidr_blocks": [],
                "prefix_list_ids": [],
                "protocol": "tcp",
                "security_groups": [],
                "self": false,
                "to_port": 80
              }
            ],
            "name": "akijakya-greeter",
            "name_prefix": null,
            "owner_id": "124429370407",
            "revoke_rules_on_delete": false,
            "tags": null,
            "timeouts": null,
            "vpc_id": "vpc-2038024b"
          },
          "private": "eyJlMmJmYjczMC1lY2FhLTExZTYtOGY4OC0zNDM2M2JjN2M0YzAiOnsiY3JlYXRlIjo2MDAwMDAwMDAwMDAsImRlbGV0ZSI6NjAwMDAwMDAwMDAwfSwic2NoZW1hX3ZlcnNpb24iOiIxIn0="
        }
      ]
    }
  ]
}
