{
  "version": 4,
  "terraform_version": "0.12.18",
  "serial": 161,
  "lineage": "a2bb71eb-4ea1-6ace-7e15-54c83ebe21bc",
  "outputs": {},
  "resources": [
    {
      "mode": "managed",
      "type": "aws_instance",
      "name": "dev",
      "each": "list",
      "provider": "provider.aws",
      "instances": [
        {
          "index_key": 0,
          "schema_version": 1,
          "attributes": {
            "ami": "ami-0cc0a36f626a4fdf5",
            "arn": "arn:aws:ec2:eu-central-1:124429370407:instance/i-09ccbd14a3715c695",
            "associate_public_ip_address": true,
            "availability_zone": "eu-central-1b",
            "cpu_core_count": 1,
            "cpu_threads_per_core": 1,
            "credit_specification": [
              {
                "cpu_credits": "standard"
              }
            ],
            "disable_api_termination": false,
            "ebs_block_device": [],
            "ebs_optimized": false,
            "ephemeral_block_device": [],
            "get_password_data": false,
            "host_id": null,
            "iam_instance_profile": "",
            "id": "i-09ccbd14a3715c695",
            "instance_initiated_shutdown_behavior": null,
            "instance_state": "running",
            "instance_type": "t2.micro",
            "ipv6_address_count": 0,
            "ipv6_addresses": [],
            "key_name": "terraform-test",
            "monitoring": false,
            "network_interface": [],
            "network_interface_id": null,
            "password_data": "",
            "placement_group": "",
            "primary_network_interface_id": "eni-0076f16ccbf4eed3a",
            "private_dns": "ip-172-31-40-195.eu-central-1.compute.internal",
            "private_ip": "172.31.40.195",
            "public_dns": "ec2-3-120-243-177.eu-central-1.compute.amazonaws.com",
            "public_ip": "3.120.243.177",
            "root_block_device": [
              {
                "delete_on_termination": true,
                "encrypted": false,
                "iops": 100,
                "kms_key_id": "",
                "volume_id": "vol-0414e38a78c016b09",
                "volume_size": 8,
                "volume_type": "gp2"
              }
            ],
            "security_groups": [
              "akijakya-greeter"
            ],
            "source_dest_check": true,
            "subnet_id": "subnet-a5e5bcd8",
            "tags": {
              "Name": "akijakya-test"
            },
            "tenancy": "default",
            "timeouts": null,
            "user_data": "7defd262fd3f00576bce5b1452b9570d964baa55",
            "user_data_base64": null,
            "volume_tags": {},
            "vpc_security_group_ids": [
              "sg-0047d6c8843f1c98a"
            ]
          },
          "private": "eyJlMmJmYjczMC1lY2FhLTExZTYtOGY4OC0zNDM2M2JjN2M0YzAiOnsiY3JlYXRlIjo2MDAwMDAwMDAwMDAsImRlbGV0ZSI6MTIwMDAwMDAwMDAwMCwidXBkYXRlIjo2MDAwMDAwMDAwMDB9LCJzY2hlbWFfdmVyc2lvbiI6IjEifQ==",
          "dependencies": [
            "aws_key_pair.terraform-test",
            "aws_security_group.akijakya-greeter"
          ]
        },
        {
          "index_key": 1,
          "schema_version": 1,
          "attributes": {
            "ami": "ami-0cc0a36f626a4fdf5",
            "arn": "arn:aws:ec2:eu-central-1:124429370407:instance/i-08a3b5907651316d4",
            "associate_public_ip_address": true,
            "availability_zone": "eu-central-1b",
            "cpu_core_count": 1,
            "cpu_threads_per_core": 1,
            "credit_specification": [
              {
                "cpu_credits": "standard"
              }
            ],
            "disable_api_termination": false,
            "ebs_block_device": [],
            "ebs_optimized": false,
            "ephemeral_block_device": [],
            "get_password_data": false,
            "host_id": null,
            "iam_instance_profile": "",
            "id": "i-08a3b5907651316d4",
            "instance_initiated_shutdown_behavior": null,
            "instance_state": "running",
            "instance_type": "t2.micro",
            "ipv6_address_count": 0,
            "ipv6_addresses": [],
            "key_name": "terraform-test",
            "monitoring": false,
            "network_interface": [],
            "network_interface_id": null,
            "password_data": "",
            "placement_group": "",
            "primary_network_interface_id": "eni-008dfea4fc60e3e89",
            "private_dns": "ip-172-31-34-229.eu-central-1.compute.internal",
            "private_ip": "172.31.34.229",
            "public_dns": "ec2-3-122-252-211.eu-central-1.compute.amazonaws.com",
            "public_ip": "3.122.252.211",
            "root_block_device": [
              {
                "delete_on_termination": true,
                "encrypted": false,
                "iops": 100,
                "kms_key_id": "",
                "volume_id": "vol-0fcdcbf895afdf289",
                "volume_size": 8,
                "volume_type": "gp2"
              }
            ],
            "security_groups": [
              "akijakya-greeter"
            ],
            "source_dest_check": true,
            "subnet_id": "subnet-a5e5bcd8",
            "tags": {
              "Name": "akijakya-dev"
            },
            "tenancy": "default",
            "timeouts": null,
            "user_data": "4ee155d4154ee5afb49f369b13bc50f52cb88432",
            "user_data_base64": null,
            "volume_tags": {},
            "vpc_security_group_ids": [
              "sg-0047d6c8843f1c98a"
            ]
          },
          "private": "eyJlMmJmYjczMC1lY2FhLTExZTYtOGY4OC0zNDM2M2JjN2M0YzAiOnsiY3JlYXRlIjo2MDAwMDAwMDAwMDAsImRlbGV0ZSI6MTIwMDAwMDAwMDAwMCwidXBkYXRlIjo2MDAwMDAwMDAwMDB9LCJzY2hlbWFfdmVyc2lvbiI6IjEifQ==",
          "dependencies": [
            "aws_key_pair.terraform-test",
            "aws_security_group.akijakya-greeter"
          ]
        }
      ]
    },
    {
      "mode": "managed",
      "type": "aws_instance",
      "name": "prod",
      "provider": "provider.aws",
      "instances": [
        {
          "status": "tainted",
          "schema_version": 1,
          "attributes": {
            "ami": "ami-0cc0a36f626a4fdf5",
            "arn": "arn:aws:ec2:eu-central-1:124429370407:instance/i-0fb001d19b6dd30ef",
            "associate_public_ip_address": true,
            "availability_zone": "eu-central-1b",
            "cpu_core_count": 1,
            "cpu_threads_per_core": 1,
            "credit_specification": [
              {
                "cpu_credits": "standard"
              }
            ],
            "disable_api_termination": false,
            "ebs_block_device": [],
            "ebs_optimized": false,
            "ephemeral_block_device": [],
            "get_password_data": false,
            "host_id": null,
            "iam_instance_profile": "",
            "id": "i-0fb001d19b6dd30ef",
            "instance_initiated_shutdown_behavior": null,
            "instance_state": "running",
            "instance_type": "t2.micro",
            "ipv6_address_count": 0,
            "ipv6_addresses": [],
            "key_name": "terraform-test",
            "monitoring": false,
            "network_interface": [],
            "network_interface_id": null,
            "password_data": "",
            "placement_group": "",
            "primary_network_interface_id": "eni-071c4ce4fd61c57d7",
            "private_dns": "ip-172-31-42-217.eu-central-1.compute.internal",
            "private_ip": "172.31.42.217",
            "public_dns": "ec2-3-120-235-117.eu-central-1.compute.amazonaws.com",
            "public_ip": "3.120.235.117",
            "root_block_device": [
              {
                "delete_on_termination": true,
                "encrypted": false,
                "iops": 100,
                "kms_key_id": "",
                "volume_id": "vol-00cf53cf6088f49be",
                "volume_size": 8,
                "volume_type": "gp2"
              }
            ],
            "security_groups": [
              "akijakya-greeter"
            ],
            "source_dest_check": true,
            "subnet_id": "subnet-a5e5bcd8",
            "tags": {
              "Name": "akijakya-prod"
            },
            "tenancy": "default",
            "timeouts": null,
            "user_data": null,
            "user_data_base64": null,
            "volume_tags": {},
            "vpc_security_group_ids": [
              "sg-0047d6c8843f1c98a"
            ]
          },
          "private": "eyJlMmJmYjczMC1lY2FhLTExZTYtOGY4OC0zNDM2M2JjN2M0YzAiOnsiY3JlYXRlIjo2MDAwMDAwMDAwMDAsImRlbGV0ZSI6MTIwMDAwMDAwMDAwMCwidXBkYXRlIjo2MDAwMDAwMDAwMDB9LCJzY2hlbWFfdmVyc2lvbiI6IjEifQ==",
          "dependencies": [
            "aws_key_pair.terraform-test",
            "aws_security_group.akijakya-greeter"
          ]
        }
      ]
    },
    {
      "mode": "managed",
      "type": "aws_key_pair",
      "name": "terraform-test",
      "provider": "provider.aws",
      "instances": [
        {
          "schema_version": 1,
          "attributes": {
            "fingerprint": "27:52:9a:c9:3d:ab:25:02:f4:bb:12:3e:41:40:36:25",
            "id": "terraform-test",
            "key_name": "terraform-test",
            "key_name_prefix": null,
            "public_key": "ssh-rsa AAAAB3NzaC1yc2EAAAADAQABAAABgQCxgp4I/Xui2CfcXM8YSGqD3ykmS6VQGjlWGyLKkf1mctzfuib07w02frivEfNgA3N1ujkWmL5A22G3QGoRGStahJfLE3y6/wGr0AiRJ5+VkO5Gom7fVlKXwjm2X0zjuKkTyrvSRHQyDfZGRojBipCjI0Cm72RUOIlQROqnf+qvSP81YX/96YN2qt95LSJv+FS3OaH2TVQDpqBT1qD1eZs5NMKUf20k5zTfK+Xno7icTSqn+uMsT1bnDjDJlpOQYaK0UevaEMSIUFzS/ewSAaE+5VXDnhLF9bWC0T5lmkbKaob0rqwdo6e0L237jGmB4P46aKWWdoRxzwXCgH1iphevijse/Ur9DukhUtMKBsFzwpNYsxUnZyKybr9jV+EZeyhAC+XojK+lfFWc0sZFL5JI6lOWRCj8EDBZNZKQFltU9OdfnFf2P81Q++DMimOYE7FzlzUHUkt+FYUTxkAq1q7yV5c1E2DGY4zr3Is2fDMyhFEVEVNkLRk+kAXRrzJ+SAM= akijakya@akijakya-x"
          },
          "private": "eyJzY2hlbWFfdmVyc2lvbiI6IjEifQ=="
        }
      ]
    },
    {
      "mode": "managed",
      "type": "aws_security_group",
      "name": "akijakya-greeter",
      "provider": "provider.aws",
      "instances": [
        {
          "schema_version": 1,
          "attributes": {
            "arn": "arn:aws:ec2:eu-central-1:124429370407:security-group/sg-0047d6c8843f1c98a",
            "description": "Sec group for akijakyas greeter terrafrom magic",
            "egress": [
              {
                "cidr_blocks": [
                  "0.0.0.0/0"
                ],
                "description": "",
                "from_port": 0,
                "ipv6_cidr_blocks": [],
                "prefix_list_ids": [],
                "protocol": "-1",
                "security_groups": [],
                "self": false,
                "to_port": 0
              }
            ],
            "id": "sg-0047d6c8843f1c98a",
            "ingress": [
              {
                "cidr_blocks": [
                  "0.0.0.0/0"
                ],
                "description": "",
                "from_port": 22,
                "ipv6_cidr_blocks": [],
                "prefix_list_ids": [],
                "protocol": "tcp",
                "security_groups": [],
                "self": false,
                "to_port": 22
              },
              {
                "cidr_blocks": [
                  "0.0.0.0/0"
                ],
                "description": "",
                "from_port": 3000,
                "ipv6_cidr_blocks": [],
                "prefix_list_ids": [],
                "protocol": "tcp",
                "security_groups": [],
                "self": false,
                "to_port": 3000
              },
              {
                "cidr_blocks": [
                  "0.0.0.0/0"
                ],
                "description": "",
                "from_port": 443,
                "ipv6_cidr_blocks": [],
                "prefix_list_ids": [],
                "protocol": "tcp",
                "security_groups": [],
                "self": false,
                "to_port": 443
              },
              {
                "cidr_blocks": [
                  "0.0.0.0/0"
                ],
                "description": "",
                "from_port": 80,
                "ipv6_cidr_blocks": [],
                "prefix_list_ids": [],
                "protocol": "tcp",
                "security_groups": [],
                "self": false,
                "to_port": 80
              }
            ],
            "name": "akijakya-greeter",
            "name_prefix": null,
            "owner_id": "124429370407",
            "revoke_rules_on_delete": false,
            "tags": null,
            "timeouts": null,
            "vpc_id": "vpc-2038024b"
          },
          "private": "eyJlMmJmYjczMC1lY2FhLTExZTYtOGY4OC0zNDM2M2JjN2M0YzAiOnsiY3JlYXRlIjo2MDAwMDAwMDAwMDAsImRlbGV0ZSI6NjAwMDAwMDAwMDAwfSwic2NoZW1hX3ZlcnNpb24iOiIxIn0="
        }
      ]
    }
  ]
}
